<?xml version="1.0" encoding="utf-8"?>
<Project ToolsVersion="4.0" xmlns="http://schemas.microsoft.com/developer/msbuild/2003">
  <ItemGroup>
    <Filter Include="include">
      <UniqueIdentifier>{ab9d92c0-5972-44da-868d-b9e41a6c5906}</UniqueIdentifier>
    </Filter>
    <Filter Include="src">
      <UniqueIdentifier>{05d8457e-f3c8-4e11-a5b2-2f541dba4e5d}</UniqueIdentifier>
    </Filter>
  </ItemGroup>
  <ItemGroup>
    <ClCompile Include="src\main.cpp">
      <Filter>src</Filter>
    </ClCompile>
    <ClCompile Include="src\Presenter.cpp">
      <Filter>src</Filter>
    </ClCompile>
    <ClCompile Include="src\Engine.cpp">
      <Filter>src</Filter>
    </ClCompile>
    <ClCompile Include="src\Button.cpp">
      <Filter>src</Filter>
    </ClCompile>
    <ClCompile Include="src\InputManager.cpp">
      <Filter>src</Filter>
    </ClCompile>
    <ClCompile Include="src\NumberDrawer.cpp">
      <Filter>src</Filter>
    </ClCompile>
    <ClCompile Include="src\TextureManager.cpp">
      <Filter>src</Filter>
    </ClCompile>
    <ClCompile Include="src\EndScreen.cpp">
      <Filter>src</Filter>
    </ClCompile>
    <ClCompile Include="src\Gameplay.cpp">
      <Filter>src</Filter>
    </ClCompile>
    <ClCompile Include="src\World.cpp">
      <Filter>src</Filter>
    </ClCompile>
    <ClCompile Include="src\MenuScreen.cpp">
      <Filter>src</Filter>
    </ClCompile>
    <ClCompile Include="src\ConfigManager.cpp">
      <Filter>src</Filter>
    </ClCompile>
    <ClCompile Include="src\Pile.cpp">
      <Filter>src</Filter>
    </ClCompile>
    <ClCompile Include="src\Spikes.cpp">
      <Filter>src</Filter>
    </ClCompile>
  </ItemGroup>
  <ItemGroup>
    <ClInclude Include="include\Presenter.h">
      <Filter>include</Filter>
    </ClInclude>
    <ClInclude Include="include\Engine.h">
      <Filter>include</Filter>
    </ClInclude>
    <ClInclude Include="include\defines.h">
      <Filter>include</Filter>
    </ClInclude>
    <ClInclude Include="include\World.h">
      <Filter>include</Filter>
    </ClInclude>
    <ClInclude Include="include\Button.h">
      <Filter>include</Filter>
    </ClInclude>
    <ClInclude Include="include\InputManager.h">
      <Filter>include</Filter>
    </ClInclude>
    <ClInclude Include="include\NumberDrawer.h">
      <Filter>include</Filter>
    </ClInclude>
    <ClInclude Include="include\TextureManager.h">
      <Filter>include</Filter>
    </ClInclude>
    <ClInclude Include="include\EndScreen.h">
      <Filter>include</Filter>
    </ClInclude>
    <ClInclude Include="include\Gameplay.h">
      <Filter>include</Filter>
    </ClInclude>
    <ClInclude Include="include\MenuScreen.h">
      <Filter>include</Filter>
    </ClInclude>
    <ClInclude Include="include\ConfigManager.h">
      <Filter>include</Filter>
    </ClInclude>
    <ClInclude Include="include\Pile.h">
      <Filter>include</Filter>
    </ClInclude>
    <ClInclude Include="include\Spikes.h">
      <Filter>include</Filter>
    </ClInclude>
  </ItemGroup>
</Project>